
Microsoft Visual Studio Solution File, Format Version 12.00
# Visual Studio Version 17
VisualStudioVersion = 17.1.32421.90
MinimumVisualStudioVersion = 10.0.40219.1
Project("{FAE04EC0-301F-11D3-BF4B-00C04F79EFBC}") = "Technical-test", "Technical-test.csproj", "{5286128E-4828-48A4-9546-EE45193F2D2D}"
EndProject
Global
	GlobalSection(SolutionConfigurationPlatforms) = preSolution
		Debug|Any CPU = Debug|Any CPU
		Release|Any CPU = Release|Any CPU
	EndGlobalSection
	GlobalSection(ProjectConfigurationPlatforms) = postSolution
		{5286128E-4828-48A4-9546-EE45193F2D2D}.Debug|Any CPU.ActiveCfg = Debug|Any CPU
		{5286128E-4828-48A4-9546-EE45193F2D2D}.Debug|Any CPU.Build.0 = Debug|Any CPU
		{5286128E-4828-48A4-9546-EE45193F2D2D}.Release|Any CPU.ActiveCfg = Release|Any CPU
		{5286128E-4828-48A4-9546-EE45193F2D2D}.Release|Any CPU.Build.0 = Release|Any CPU
	EndGlobalSection
	GlobalSection(SolutionProperties) = preSolution
		HideSolutionNode = FALSE
	EndGlobalSection
	GlobalSection(ExtensibilityGlobals) = postSolution
		SolutionGuid = {DA21B440-32AF-4559-AE96-699ECA3C7831}
	EndGlobalSection
EndGlobal
